[
    {
        "package": "chromium/fuchsia/castrunner-amd64",
        "path": "prebuilt/third_party/cast_runner/arch/x64",
        "version": "version:88.0.4324.109",
        "instance_id": "FGE8JIbUuJPv1dpREKbrfCDyonOW4TUhQjNIB1w4F1wC"
    },
    {
        "package": "chromium/fuchsia/castrunner-amd64",
        "path": "prebuilt/third_party/cast_runner_latest/arch/x64",
        "version": "version:90.0.4400.0",
        "instance_id": "R03MfPJwlWbvKj2rSSKobQRU7QRRMgpSMku6qg4N0NcC"
    },
    {
        "package": "chromium/fuchsia/castrunner-arm64",
        "path": "prebuilt/third_party/cast_runner/arch/arm64",
        "version": "version:88.0.4324.109",
        "instance_id": "8_3xHTVtMCly_jj9ZSbm-VFOPxx72VrmSNdNhRCj5yUC"
    },
    {
        "package": "chromium/fuchsia/castrunner-arm64",
        "path": "prebuilt/third_party/cast_runner_latest/arch/arm64",
        "version": "version:90.0.4400.0",
        "instance_id": "aHEr5U1MKMEE2IH9Q9j0vegCWmEmUj-0WGnzJGyEvZ0C"
    },
    {
        "package": "chromium/fuchsia/chromedriver/linux-amd64",
        "path": "prebuilt/third_party/chromedriver/{{.OS}}-{{.Arch}}",
        "version": "version:88.0.4324.109",
        "instance_id": "pzQpvTaLm-c2aQwNepMn0neCl2VrrooFcMtIWS2YMv8C"
    },
    {
        "package": "chromium/fuchsia/chromedriver/linux-amd64",
        "path": "prebuilt/third_party/chromedriver_latest/{{.OS}}-{{.Arch}}",
        "version": "version:90.0.4400.0",
        "instance_id": "jIZ4uyv-B72HebLq-EG3SPCZgEOX4tdg4cdFxQpXqB8C"
    },
    {
        "package": "chromium/fuchsia/debug-symbols-amd64",
        "path": "prebuilt/build_ids/x64/chromium",
        "version": "version:88.0.4324.109",
        "instance_id": "ld8bFijQW2dL68OgiPJ3TPU24bS0II_tsIyEbeObZEcC"
    },
    {
        "package": "chromium/fuchsia/debug-symbols-amd64",
        "path": "prebuilt/build_ids/x64/chromium_latest",
        "version": "version:90.0.4400.0",
        "instance_id": "8E9gitvhuzdESDNjiNFMNPyuCuNRH2_Tn2LCw3TrxKsC"
    },
    {
        "package": "chromium/fuchsia/debug-symbols-arm64",
        "path": "prebuilt/build_ids/arm64/chromium",
        "version": "version:88.0.4324.109",
        "instance_id": "KyNQDcAZkCitFCm_FpcfoBjVxmjVYKn_1mPgxRhE4eAC"
    },
    {
        "package": "chromium/fuchsia/debug-symbols-arm64",
        "path": "prebuilt/build_ids/arm64/chromium_latest",
        "version": "version:90.0.4400.0",
        "instance_id": "gBKVeDWC5bc_gG5BiFbPbYQveYLH9KTkCLAOSzUs6OUC"
    },
    {
        "package": "chromium/fuchsia/tests-amd64",
        "path": "prebuilt/third_party/chromium_tests/arch/x64",
        "version": "version:88.0.4324.109",
        "instance_id": "pl2XFpJ3kar-XeJFUMqHiI1gAFBd8Cewp-jQwd16WKkC"
    },
    {
        "package": "chromium/fuchsia/tests-amd64",
        "path": "prebuilt/third_party/chromium_tests_latest/arch/x64",
        "version": "version:90.0.4400.0",
        "instance_id": "WQLsSmvLnkF6yeJPtX6aN0CQkDozOGVbmwEbjJRTsDsC"
    },
    {
        "package": "chromium/fuchsia/tests-arm64",
        "path": "prebuilt/third_party/chromium_tests/arch/arm64",
        "version": "version:88.0.4324.109",
        "instance_id": "8HwKVWdqDL1E0BWMak2dNYV8Wg8_9qVmo8gibbQH2rEC"
    },
    {
        "package": "chromium/fuchsia/tests-arm64",
        "path": "prebuilt/third_party/chromium_tests_latest/arch/arm64",
        "version": "version:90.0.4400.0",
        "instance_id": "zqumZ2SQMcuHqCPQSq9ZBYiZNMbASZYLl08hbYf0XKcC"
    },
    {
        "package": "chromium/fuchsia/web_engine_shell-amd64",
        "path": "prebuilt/third_party/web_engine_shell/arch/x64",
        "version": "version:88.0.4324.109",
        "instance_id": "QTtVephovwdSYl2F9OqVZRT7Wap5f0Ab6kKcqdrpeckC"
    },
    {
        "package": "chromium/fuchsia/web_engine_shell-amd64",
        "path": "prebuilt/third_party/web_engine_shell_latest/arch/x64",
        "version": "version:90.0.4400.0",
        "instance_id": "NAO2N2kmqswUt8af7f3fcgx7l87XcelCn1_AFdw9wa4C"
    },
    {
        "package": "chromium/fuchsia/web_engine_shell-arm64",
        "path": "prebuilt/third_party/web_engine_shell/arch/arm64",
        "version": "version:88.0.4324.109",
        "instance_id": "lhOth2y7brGRKhmxO8eZUNrlJjZVvmnKQuectob60A4C"
    },
    {
        "package": "chromium/fuchsia/web_engine_shell-arm64",
        "path": "prebuilt/third_party/web_engine_shell_latest/arch/arm64",
        "version": "version:90.0.4400.0",
        "instance_id": "TViGDWFbuNsfcBdUFOW9k6X8KqVzkXrGqy1YWxUXGtsC"
    },
    {
        "package": "chromium/fuchsia/webrunner-amd64",
        "path": "prebuilt/third_party/chromium/arch/x64",
        "version": "version:88.0.4324.109",
        "instance_id": "HAw_hS66t0NjGLH_XxStgmquq5f_J2rvtRe1mr5Ipq8C"
    },
    {
        "package": "chromium/fuchsia/webrunner-amd64",
        "path": "prebuilt/third_party/chromium_latest/arch/x64",
        "version": "version:90.0.4400.0",
        "instance_id": "zU5AZlvkYPAh9cFqoJKWzXeRO9CUiGxy6s8IDSwIsG8C"
    },
    {
        "package": "chromium/fuchsia/webrunner-arm64",
        "path": "prebuilt/third_party/chromium/arch/arm64",
        "version": "version:88.0.4324.109",
        "instance_id": "Mxlw9asfKO61Wc0kUOa94M8RzsbRZRsTaYKaikz3_mMC"
    },
    {
        "package": "chromium/fuchsia/webrunner-arm64",
        "path": "prebuilt/third_party/chromium_latest/arch/arm64",
        "version": "version:90.0.4400.0",
        "instance_id": "GKAufjSgPP1OUzwQDGHn758a2L9wl2QICwKLh2URCIsC"
    },
    {
        "package": "flutter/fuchsia",
        "version": "git_revision:effb529ecec86cbcad2ced2a567cb14ab20b10d5",
        "instance_id": "hm5SR_teytwTgpUtYEyqQaa_R2rHTHOb7uBZlASc7JcC"
    },
    {
        "package": "flutter/fuchsia-debug-symbols-arm64",
        "version": "git_revision:effb529ecec86cbcad2ced2a567cb14ab20b10d5",
        "instance_id": "YnxFi0e7mwJrhUgJYrzHwlZCnCsWkBJgxEZnko7DvI4C"
    },
    {
        "package": "flutter/fuchsia-debug-symbols-x64",
        "version": "git_revision:effb529ecec86cbcad2ced2a567cb14ab20b10d5",
        "instance_id": "xFTYkt2bptWfC4vTaGQHq9ZEHIM55BK9hdUxHfpIfvwC"
    },
    {
        "package": "flutter/sky_engine",
        "version": "git_revision:effb529ecec86cbcad2ced2a567cb14ab20b10d5",
        "instance_id": "YOANLBpeoNeR9qQ4GtRe8JbbkGkrfgByicwRlzjxsakC"
    },
    {
        "package": "fuchsia/dart-sdk/linux-amd64",
        "version": "git_revision:3629a798353d6c8d642acc41e30f31e24a12af66",
        "instance_id": "lX5YD5UBdQ976DfwiMaxoWQLemMJnmdFE8BUpYFDG4kC"
    },
    {
        "package": "fuchsia/dart-sdk/mac-amd64",
        "version": "git_revision:3629a798353d6c8d642acc41e30f31e24a12af66",
        "instance_id": "rCdJyxyEvydLfYMZKVTtpxCH0pzxPXNsARTbvXN4Md0C"
    },
    {
        "package": "fuchsia/firmware/ovmf/amd64",
        "version": "git_revision:52664c525223a36e5cb9b141b11dec413908b1dd",
        "instance_id": "acf7d8b160133232c2e7fedd7152ab0dce05fca0"
    },
    {
        "package": "fuchsia/firmware/wlan/intel/iwlwifi",
        "version": "git_revision:0148cfefcbf98898ca65bb26d9d7d638b30e211d",
        "instance_id": "TtDnWgYOVZbpaKkHg8XavSRL9mpvo0jcLNJZo8f1HUwC"
    },
    {
        "package": "fuchsia/fsatrace/linux-amd64",
        "version": "git_revision:41b02a096d166d6e05332a95f3ce63865b3e3ce5",
        "instance_id": "yjt8IEuchfICsOLehPSVl-sie-2gSEOTIQDMt_s57WUC"
    },
    {
        "package": "fuchsia/go/linux-amd64",
        "version": "git_revision:ce376c08daae13b03fca68be16066be31bf471f5",
        "instance_id": "kDl-9_Ea6nAJvaff25s7Ph29toaobMB7j-clwzjDPH8C"
    },
    {
        "package": "fuchsia/go/linux-arm64",
        "version": "git_revision:ce376c08daae13b03fca68be16066be31bf471f5",
        "instance_id": "9NQpodTlTpt3iBw2KkRCm38DVwttlyJShQCyIfuG6s4C"
    },
    {
        "package": "fuchsia/go/mac-amd64",
        "version": "git_revision:ce376c08daae13b03fca68be16066be31bf471f5",
        "instance_id": "f50gtaj2av6yZsZiZ8edUB4lIrPsSYMiDSSf3OotCD8C"
    },
    {
        "package": "fuchsia/gui_tools/fuchsia_devtools/linux-amd64",
        "version": "g3-revision:fuchsia_devtools_20201216_00_RC01",
        "instance_id": "rMxuUHwxnrQXgfIOKXCxZ6PxWT3H0dCdITcuv7MAUnkC"
    },
    {
        "package": "fuchsia/gui_tools/fuchsia_devtools/mac-amd64",
        "version": "g3-revision:fuchsia_devtools_20201216_00_RC01",
        "instance_id": "QtTHUmFImfBZhc17EsAF4TFNxi5fumsvIlDhRfLRW-gC"
    },
    {
        "package": "fuchsia/infra/acts",
        "version": "android-build-id:6824201",
        "instance_id": "WIVxIDMzC_7sW1fX-wryzGorcXnq486_rsD5iD53_9IC"
    },
    {
        "package": "fuchsia/infra/artifacts/linux-amd64",
        "version": "git_revision:23de08a4d9893ad4bf60a47909c004820bc6216b",
        "instance_id": "v2b5hp6E-pEBvGy5pnRr54Rwe26mBavKE5VFGWRFLN8C"
    },
    {
        "package": "fuchsia/infra/artifacts/linux-arm64",
        "version": "git_revision:23de08a4d9893ad4bf60a47909c004820bc6216b",
        "instance_id": "f2BuVKZgdJ_bCvDPO_82bB2wTHhhT1qB5ymGH1d5HpMC"
    },
    {
        "package": "fuchsia/infra/artifacts/mac-amd64",
        "version": "git_revision:23de08a4d9893ad4bf60a47909c004820bc6216b",
        "instance_id": "w6-lI7OCjAECxd_BPECcMJqcMCFo91C9Q8OWD8LmmPIC"
    },
    {
        "package": "fuchsia/infra/lkg/linux-amd64",
        "version": "git_revision:22886bd1b229d02e28330e43b495bbeb86592ac4",
        "instance_id": "weBw_5NCKqX91r9RoWxJznVpu1sV9qffuy0By4oobPMC"
    },
    {
        "package": "fuchsia/infra/lkg/linux-arm64",
        "version": "git_revision:22886bd1b229d02e28330e43b495bbeb86592ac4",
        "instance_id": "Pn1Fyfri3DZnbPsj_dU6NLKA7mcr1OEZXrBbR4vfTLQC"
    },
    {
        "package": "fuchsia/infra/lkg/mac-amd64",
        "version": "git_revision:22886bd1b229d02e28330e43b495bbeb86592ac4",
        "instance_id": "LrKzk1e4cqOX-wN6VMPJISOkQAqyosZ_Bvl2oa7E0oAC"
    },
    {
        "package": "fuchsia/infra/test_durations",
        "version": "version:20210126103147",
        "instance_id": "ajzIwvsUhe3ZhmUBvglIb_j01AxE_9iS5oV2BIOmSBUC"
    },
    {
        "package": "fuchsia/infra/zedmon/linux-amd64",
        "version": "git_revision:9765b27b5f39bb41a58edc893e7e8f2a0f1e20ef",
        "instance_id": "8bOD87VKTLXbshNJ8LvFb_MC1lsEbobbv1f1bHhRA3gC"
    },
    {
        "package": "fuchsia/lib/ffmpeg/fuchsia",
        "version": "git_revision:5fcc14ec6217e972808e65fdd6c08a950401ea6d",
        "instance_id": "BUXQ1INZUYREcTpr4aT9WQDdSDew4fAOdZBEQLoTO_YC"
    },
    {
        "package": "fuchsia/sdk/core/linux-amd64",
        "version": "version:0.20210127.1.1",
        "instance_id": "ARovbDXyXHXY0EGiLDC19lzfgMGY6asP6199ofdxexsC"
    },
    {
        "package": "fuchsia/sdk/core/mac-amd64",
        "version": "version:0.20210127.1.1",
        "instance_id": "oAVi4ldsexKEzbHSCSpLZwtup_jPTMZcnJbjXsDKcvgC"
    },
    {
        "package": "fuchsia/test_data/debug/sample_core",
        "version": "version:20190627",
        "instance_id": "s8Wjz9UYMnN2NJN78-FNc6Bi7QpVOu6TGh6CE0qJwscC"
    },
    {
        "package": "fuchsia/test_data/symbolizer/symbols",
        "version": "version:20201110",
        "instance_id": "kbo0YXw8vcgPYmo77d_mklY0D5kUpwgysU-6pB0KdUAC"
    },
    {
        "package": "fuchsia/third_party/aemu/linux-amd64",
        "version": "git_revision:772d956b47c4fe2f85e33148fece13af9ee14608",
        "instance_id": "LnKrohyendQPTMK98ZpUzCtXtDGHbtf4y3KkPBTDEZsC"
    },
    {
        "package": "fuchsia/third_party/aemu/mac-amd64",
        "version": "git_revision:772d956b47c4fe2f85e33148fece13af9ee14608",
        "instance_id": "lZkmms-MsCMPe-rK8PmVBtyfQduUPBGgi7T-mlzZwPgC"
    },
    {
        "package": "fuchsia/third_party/bazel/linux-amd64",
        "version": "version:0.17.2",
        "instance_id": "f71a6d4996eef3f1e0f78be0999b4af4b3aed8d2"
    },
    {
        "package": "fuchsia/third_party/bazel/mac-amd64",
        "version": "version:0.17.2",
        "instance_id": "4e3b182149772d1aa54ad9082ac1944938b236d0"
    },
    {
        "package": "fuchsia/third_party/bloaty/linux-amd64",
        "version": "git_revision:89b41b32478436f6ae817064d37ac07b9f9bdb3b",
        "instance_id": "QHGkmHGcYcMPNKJcXw3aGbJDAveBSMb5fq7zodUzo3EC"
    },
    {
        "package": "fuchsia/third_party/bloaty/mac-amd64",
        "version": "git_revision:89b41b32478436f6ae817064d37ac07b9f9bdb3b",
        "instance_id": "ILNfQ9FLG2wXhuhhktoNcKYu5ocZEjzNroUdvpnjrkMC"
    },
    {
        "package": "fuchsia/third_party/clang/linux-amd64",
        "version": "git_revision:1a497ae9b83653682d6d20f1ec131394e523375d",
        "instance_id": "8LaTdqf7wY_sjaptz0DIIKx9_Nxaoh3YgDEPgnfxzOEC"
    },
    {
        "package": "fuchsia/third_party/clang/linux-arm64",
        "version": "git_revision:1a497ae9b83653682d6d20f1ec131394e523375d",
        "instance_id": "1MSM3fwDe4GIDA1szEzmffmZEBnjp7zCcN9Ise28738C"
    },
    {
        "package": "fuchsia/third_party/clang/mac-amd64",
        "version": "git_revision:1a497ae9b83653682d6d20f1ec131394e523375d",
        "instance_id": "139p8dSfWkDS3XU7olg1SCcPowC4MokiYUR5u2aqDOMC"
    },
    {
        "package": "fuchsia/third_party/fargo/linux-amd64",
        "version": "git_revision:505c3bdc40a44ae43fa965df4c82d9937ca06638",
        "instance_id": "WlrW-g2YA_6GVpYMeBz6unimtZUOW4bi5fJtu9s-aO4C"
    },
    {
        "package": "fuchsia/third_party/fargo/mac-amd64",
        "version": "git_revision:505c3bdc40a44ae43fa965df4c82d9937ca06638",
        "instance_id": "HFTcN1CpRRBEUiEkcpfT3Yab2cdg63faez5PjiaA1PYC"
    },
    {
        "package": "fuchsia/third_party/fastboot/linux-amd64",
        "version": "git_revision:5cb5c1ad7211beccaf36b2f93dc25caa18fb20bb",
        "instance_id": "9Qs8okSw_iR4cmEq1GT_tBf2OjqPdKQlwqKeB8sTEw0C"
    },
    {
        "package": "fuchsia/third_party/fastboot/mac-amd64",
        "version": "git_revision:5cb5c1ad7211beccaf36b2f93dc25caa18fb20bb",
        "instance_id": "qlpR26kmjiVdjRKJyIZK04sUGqUWl-nFbMhEO_LljO4C"
    },
    {
        "package": "fuchsia/third_party/fonts",
        "version": "git_revision:4ee5d5888a38f9599cf26f7484d86c2652771e1b",
        "instance_id": "O_waUJqMAHkK-0bpeLMqG0t-Sz6tqiskgWPU2WhJFiMC"
    },
    {
        "package": "fuchsia/third_party/gcc/linux-amd64",
        "version": "git_revision:0184527ae9f81ef3865703b43212963b95ae174d,d3ee35dbf754b72461f67a29892fff0d10961065",
        "instance_id": "mdXK2KfSYzKGjv2B0Baz1XAiJKd9tfqiJzSbQaNjBLoC"
    },
    {
        "package": "fuchsia/third_party/gcc/linux-arm64",
        "version": "git_revision:0184527ae9f81ef3865703b43212963b95ae174d,d3ee35dbf754b72461f67a29892fff0d10961065",
        "instance_id": "Vk-Or2hrYO2ihZXLv31RVaSwSfUMwRJNmqXcfopkQMcC"
    },
    {
        "package": "fuchsia/third_party/gcc/mac-amd64",
        "version": "git_revision:0184527ae9f81ef3865703b43212963b95ae174d,d3ee35dbf754b72461f67a29892fff0d10961065",
        "instance_id": "EhenTfcS0SpJumGkDoLpdKJHYQiP0fXy9w9wYviV3HYC"
    },
    {
        "package": "fuchsia/third_party/goma/client/linux-amd64",
        "version": "git_revision:432acf306d0f92b538f298738466d4029795fb72",
        "instance_id": "f5NsJKFiwhsFZPslMmzrX7ZXKOFlQsxFQN-rOKdDx4wC"
    },
    {
        "package": "fuchsia/third_party/goma/client/mac-amd64",
        "version": "git_revision:432acf306d0f92b538f298738466d4029795fb72",
        "instance_id": "kZjZdOf2bzJJj-prrFa6Chdj3ciIVR_if_tS7FxiEq4C"
    },
    {
        "package": "fuchsia/third_party/grpcwebproxy/linux-amd64",
        "version": "git_revision:c71ae8fa744867b49f83d4c128a8facb96c9c848",
        "instance_id": "7etAvsKmomEDQWC68Mfpgq8Uq6_46fFuAl0LWy_FcnwC"
    },
    {
        "package": "fuchsia/third_party/grpcwebproxy/mac-amd64",
        "version": "git_revision:c71ae8fa744867b49f83d4c128a8facb96c9c848",
        "instance_id": "-drWSLsecZaUebOxjRCYCWcU_ateJ8Je3zDa6H6WuekC"
    },
    {
        "package": "fuchsia/third_party/jq/linux-amd64",
        "version": "git_revision:a17dd3248a666d01be75f6b16be37e80e20b0954",
        "instance_id": "tN0CPJbV2YwiOaYednM1g02wDkO-rJAKRCuRfwg6UKkC"
    },
    {
        "package": "fuchsia/third_party/jq/linux-arm64",
        "version": "git_revision:a17dd3248a666d01be75f6b16be37e80e20b0954",
        "instance_id": "B99d5H538hQqnU04lmWivDAc05SEgDkZIBH8oaeqyWcC"
    },
    {
        "package": "fuchsia/third_party/jq/mac-amd64",
        "version": "git_revision:a17dd3248a666d01be75f6b16be37e80e20b0954",
        "instance_id": "o9A6AYztINFwkUQ2gfaWFmnM9VseP0yS3kYObZkSMvkC"
    },
    {
        "package": "fuchsia/third_party/llvm/linux-amd64",
        "version": "git_revision:3aa8e071dd1ae7e9fb9e28fa9fcdb9f9fdb7aa06",
        "instance_id": "X-hxgG-b3yM0durodYuzmikH2UurvcPS-yxV9XTH32kC"
    },
    {
        "package": "fuchsia/third_party/llvm/linux-arm64",
        "version": "git_revision:3aa8e071dd1ae7e9fb9e28fa9fcdb9f9fdb7aa06",
        "instance_id": "OzZTBAjETyb3I7oxE42TjNeMIyI9vhdBE36lvwfv_gAC"
    },
    {
        "package": "fuchsia/third_party/llvm/mac-amd64",
        "version": "git_revision:3aa8e071dd1ae7e9fb9e28fa9fcdb9f9fdb7aa06",
        "instance_id": "uEIN28hr57m1qaRQhPkf8v3BNW4Z3Cj3lBVQbRFFedUC"
    },
    {
        "package": "fuchsia/third_party/ninja/linux-amd64",
        "version": "git_revision:fb824d27b39e10acb97f9b105df2d9485a4677e9",
        "instance_id": "0ldf05H2GaXh_LaxXviDX-URq3PWe_ZvBdoyM08-CMgC"
    },
    {
        "package": "fuchsia/third_party/ninja/linux-arm64",
        "version": "git_revision:fb824d27b39e10acb97f9b105df2d9485a4677e9",
        "instance_id": "-RorBh9T90mkfjwZ14BE0FTPotiFHkde5oHLsOoyTkIC"
    },
    {
        "package": "fuchsia/third_party/ninja/mac-amd64",
        "version": "git_revision:fb824d27b39e10acb97f9b105df2d9485a4677e9",
        "instance_id": "dlZyAWQHqlh-G9Oy3LHtnb-jffBrNfvBReyltSD1OrAC"
    },
    {
        "package": "fuchsia/third_party/qemu/linux-amd64",
        "version": "git_revision:841f14e74f5af7886cf49cfcd4fed264911ae58e",
        "instance_id": "PVdYccojX5pPN8OJ9WNvzk2enrz2COptaFGTzJzlCnUC"
    },
    {
        "package": "fuchsia/third_party/qemu/linux-arm64",
        "version": "git_revision:841f14e74f5af7886cf49cfcd4fed264911ae58e",
        "instance_id": "etnBui3xZslzorY_KH7Tvz6-Y-3p3hRt1KP0SAw4WCwC"
    },
    {
        "package": "fuchsia/third_party/qemu/mac-amd64",
        "version": "git_revision:841f14e74f5af7886cf49cfcd4fed264911ae58e",
        "instance_id": "DtfJ4_-A5zQLhJoKDFWGxfwICXn4yr9tu4_Z6oIz0xIC"
    },
    {
        "package": "fuchsia/third_party/rust/linux-amd64",
        "version": "git_revision:f2de221b0063261140a336c448bf1421170c9a74",
        "instance_id": "qnovLcc_VoHZpRvQPVEn6bBDh59itc_zbTfdrYi_EjwC"
    },
    {
        "package": "fuchsia/third_party/rust/linux-arm64",
        "version": "git_revision:f2de221b0063261140a336c448bf1421170c9a74",
        "instance_id": "vqQkAhj8FLNC-9XZMDgVPZfofQ-d09nDgzIcRCenOcMC"
    },
    {
        "package": "fuchsia/third_party/rust/mac-amd64",
        "version": "git_revision:f2de221b0063261140a336c448bf1421170c9a74",
        "instance_id": "k6pJ-CuVsclNHEB8BRwstADOjMpAUCmr49l9tS4Wle4C"
    },
    {
        "package": "fuchsia/third_party/rust_tools/linux-amd64",
        "version": "git_revision:f2de221b0063261140a336c448bf1421170c9a74",
        "instance_id": "G0s7282eCu0I7iJI9PoQDQReuRkRgEV2gyNXqWX391YC"
    },
    {
        "package": "fuchsia/third_party/rust_tools/mac-amd64",
        "version": "git_revision:f2de221b0063261140a336c448bf1421170c9a74",
        "instance_id": "W6mQ6hTUf84NPX0UTL0hDbAkGP8W8P8K0nMTTJ8YeDEC"
    },
    {
        "package": "fuchsia/third_party/sysroot/linux",
        "version": "git_revision:47910c0625ad625def7d9e21c9213c91eb9cfa51",
        "instance_id": "sDZ113B_fGbe8y2HiLEu7hNVxcoeCL0CLgLjr-wn5f8C"
    },
    {
        "package": "fuchsia/third_party/vulkan_runtime/linux-amd64",
        "version": "build_config:a86307d4ccac0891a4fa1e3aebe7d7768a8ff62fd8d32289babf311535cdd399-v2",
        "instance_id": "h2wONmDNXq6COUkcU5kLLa80jIcmO9lqNPP-x_105woC"
    },
    {
        "package": "fuchsia/third_party/vulkan_runtime/mac-amd64",
        "version": "build_config:a86307d4ccac0891a4fa1e3aebe7d7768a8ff62fd8d32289babf311535cdd399-v2",
        "instance_id": "OGD2MS2kHkpzG0eZCrsxPtF8MWCBLKlmf2WUQm947hoC"
    },
    {
        "package": "fuchsia/third_party/vulkansdk/linux-amd64",
        "version": "version:1.2.148.0-genEnumBeginEndRange-true",
        "instance_id": "BQ-LMkaoj0KAm3pSRoVPrPUBvudUuhGk2gN2EdR64REC"
    },
    {
        "package": "fuchsia/third_party/vulkansdk/mac-amd64",
        "version": "version:1.2.148.0-genEnumBeginEndRange-true",
        "instance_id": "9HxvhiHNxy5s81tci1yNwUPPQNGxhDznDVe7CPYGZn8C"
    },
    {
        "package": "fuchsia/tools/breakpad/linux-amd64",
        "version": "git_revision:28d7cbdd426311c1b13b648a370212f130d8dff0",
        "instance_id": "2pXFEsy8-yGbKm-rue_ZO-gYgSVWGLFxxg53p523FLAC"
    },
    {
        "package": "fuchsia/tools/buildidtool/linux-amd64",
        "version": "git_revision:4f7f770d6f5a09cd4611ca7679ec33fe4a25c72c",
        "instance_id": "kRjnkaRuODN4kxkr1rwnj5zP0fbcdRGhV1kPMMUD3a8C"
    },
    {
        "package": "fuchsia/tools/buildidtool/linux-arm64",
        "version": "git_revision:4f7f770d6f5a09cd4611ca7679ec33fe4a25c72c",
        "instance_id": "672ojcL1ybq4qdhTQgIKxXVSxTp-0vG1W7ezb4th3YYC"
    },
    {
        "package": "fuchsia/tools/buildidtool/mac-amd64",
        "version": "git_revision:4f7f770d6f5a09cd4611ca7679ec33fe4a25c72c",
        "instance_id": "ieRJ5sXkzQvHjgjY3u1weHwntLrv5ZE9oUZjfr0wS9YC"
    },
    {
        "package": "fuchsia/tools/cgpt/linux-amd64",
        "version": "git_revision:f5a140bf16fd6f7d4578e7b85069259fbc76e9da",
        "instance_id": "a8IY9lUCCtgbsYTCmzshH9ITQFgzr7Siyktu4P-ek60C"
    },
    {
        "package": "fuchsia/tools/cgpt/mac-amd64",
        "version": "git_revision:f5a140bf16fd6f7d4578e7b85069259fbc76e9da",
        "instance_id": "wQEmniMICrVrsgB7AOWlXhuggSv8wzmqFe4QINkiqAAC"
    },
    {
        "package": "fuchsia/tools/futility/linux-amd64",
        "version": "git_revision:f5a140bf16fd6f7d4578e7b85069259fbc76e9da",
        "instance_id": "tLznG4M4IGwBE3AMq0XOdp9e1-i5nvnzmCCmVESgWvQC"
    },
    {
        "package": "fuchsia/tools/futility/mac-amd64",
        "version": "git_revision:f5a140bf16fd6f7d4578e7b85069259fbc76e9da",
        "instance_id": "3fEnSFOH9USI79MPJ2EhYX1FT7P8x9eZAgIYZ4Tc_oUC"
    },
    {
        "package": "fuchsia/tools/godepfile/linux-amd64",
        "version": "git_revision:8310c31eea050a1a7b7306d90af8c153994785cb",
        "instance_id": "KafnsfyH--RYvOO4sc5RWxMrp7TrTwZGDLNbxGx7URoC"
    },
    {
        "package": "fuchsia/tools/godepfile/linux-arm64",
        "version": "git_revision:8310c31eea050a1a7b7306d90af8c153994785cb",
        "instance_id": "-dkVrtcpVI9lhgP5vqaSkVCMYQNKmJqxxUMQPjmO6D0C"
    },
    {
        "package": "fuchsia/tools/godepfile/mac-amd64",
        "version": "git_revision:8310c31eea050a1a7b7306d90af8c153994785cb",
        "instance_id": "PNf3ZN4Dl-9UUtLEC5sPooOIkxa1fbznVcDdYu1u0vAC"
    },
    {
        "package": "fuchsia/vdl/linux-amd64",
        "version": "g3-revision:vdl_fuchsia_20210125_RC00",
        "instance_id": "ojxtxbgTTjwv8GEbSgBXF7aH_nWK0zTQCSJVYK84L-YC"
    },
    {
        "package": "fuchsia/vdl/mac-amd64",
        "version": "g3-revision:vdl_fuchsia_20210125_RC00",
        "instance_id": "BuylEuhNerBAGz3Zs0byEcocw3RC_fzr9T5PgRgiZ2MC"
    },
    {
        "package": "fuchsia_internal/firmware/bluetooth/bcm4345c5",
        "version": "version:004",
        "instance_id": "-hNnnAjNis2GjzvNbAr1N7UWRoGajzA50JVhiu5yiCYC"
    },
    {
        "package": "fuchsia_internal/firmware/bluetooth/intel",
        "version": "git_revision:44d4fca9922a252a0bd81f6307bcc072a78da54a",
        "instance_id": "Z3gsxyfEPOVvNbeIJkXoUHJfr5QK2sL-JfPLRicPEbkC"
    },
    {
        "package": "fuchsia_internal/firmware/bluetooth/mt7668",
        "version": "git_revision:ed8b2eb6b877e93afb8a9f9281b93a7b91df0f09",
        "instance_id": "O-_ROaTk675thCdQAi6es_gv_znD5zYRBul6tqdKc9cC"
    },
    {
        "package": "fuchsia_internal/firmware/bluetooth/qualcomm_atheros",
        "version": "git_revision:7b5835fd37630d18ac0c755329172f6a17c1af29",
        "instance_id": "b305ffcc0e7a340159203536e26ba58e6e987c94"
    },
    {
        "package": "fuchsia_internal/firmware/imgtec/imgtec-rgx-mt8167",
        "version": "git_revision:a663911de2166be76f0044b828c6b375cf64fecb",
        "instance_id": "1Qe6VZqdByPdEFbeJAb5DRQv_nhX1b0OSOr-JEiOv4sC"
    },
    {
        "package": "fuchsia_internal/firmware/intel-adsp-sst",
        "version": "git_revision:4c0bf113a55975d702673e57c5542f150807ad66",
        "instance_id": "NC0gy5Ej51GElpWUQXzO6Q1d5hPLV4Z4c1mbhDLuhfcC"
    },
    {
        "package": "fuchsia_internal/firmware/wlan/atheros/ath10k",
        "version": "git_revision:7518922bd5b98b137af7aaf3c836f5a498e91609",
        "instance_id": "78b0a82a98e42e69d2a2d8314790634890c711da"
    },
    {
        "package": "fuchsia_internal/firmware/wlan/broadcom/brcmfmac",
        "version": "version:21",
        "instance_id": "qF1o8yBQiOwqjGwTDpPk-cl2BMzyBOMNn8sDkP5mWrIC"
    },
    {
        "package": "fuchsia_internal/firmware/wlan/mediatek/mt7668",
        "version": "git_revision:e5f55786be98900bc8efc1e138864e60230b8c60",
        "instance_id": "ZUj4rXBBPLqusZj6dmFCAwBmoAi_9jpY15aQ7zRHlBoC"
    },
    {
        "package": "fuchsia_internal/linux/termina-arm64",
        "version": "termina-rev:R76-12217.0.0-rc1",
        "instance_id": "3SbQ5X9wpaYuICWEohfY6nGOtiClFeItxMCSCAb_wf8C"
    },
    {
        "package": "fuchsia_internal/linux/termina-x64",
        "version": "termina-rev:R76-12217.0.0-rc1",
        "instance_id": "fs0uhwj7XfGkhV35rt0O7jZjslGtzt3T_8cuR5h3Y-EC"
    },
    {
        "package": "fuchsia_internal/test_data/debug/large_test_data",
        "version": "git_revision:e51da43d6a6e10bea4669473a477f13bac9b8652",
        "instance_id": "Gjd86_YdwJc8GHpKJVukLdyrNoyYsIBtyIAmcuDQSJQC"
    },
    {
        "package": "gn/gn/linux-amd64",
        "version": "git_revision:94bda7cce36ab07c0f43da66507572eb00802829",
        "instance_id": "WgeF5DW9M7qqaR43OXLn5sCy-VonY2tJSwRkgjcCP3EC"
    },
    {
        "package": "gn/gn/mac-amd64",
        "version": "git_revision:94bda7cce36ab07c0f43da66507572eb00802829",
        "instance_id": "9f28gWS6isUtFD6y-wraUWZbB2ijG2wGZT3c1cIFQOAC"
    },
    {
        "package": "infra/3pp/tools/cpython3/linux-amd64",
        "version": "version:3.8.6.chromium.10",
        "instance_id": "PguZYjyarjd6-iv_9x97q0-L7_N2XqQfD1-LEPPiFZAC"
    },
    {
        "package": "infra/3pp/tools/cpython3/linux-arm64",
        "version": "version:3.8.6.chromium.10",
        "instance_id": "KFYprQ5n7SZD8yVjC-cPuwR7aG1C_bOWpc7tQ84myDgC"
    },
    {
        "package": "infra/3pp/tools/cpython3/mac-amd64",
        "version": "version:3.8.6.chromium.10",
        "instance_id": "IIWjTH8ENXh7QLDnTkTwxn6LNXjXS3u3g6dMXTYDfksC"
    },
    {
        "package": "infra/cmake/linux-amd64",
        "version": "version:3.10.0",
        "instance_id": "282e1817c361a6da7f06bcf5e0f6e3371c9975ce"
    },
    {
        "package": "infra/cmake/mac-amd64",
        "version": "version:3.10.0",
        "instance_id": "f591a36253ced04ba03d6d160ae250d51a6ca06f"
    },
    {
        "package": "infra/tools/bb/linux-amd64",
        "version": "git_revision:f1540b46250e46d92484a7f5d2de854adb01f33f",
        "instance_id": "ZG9cW0ihU3fDzie9-GjtKBY0HxINEQt-giztdAzXFewC"
    },
    {
        "package": "infra/tools/bb/linux-arm64",
        "version": "git_revision:f1540b46250e46d92484a7f5d2de854adb01f33f",
        "instance_id": "UEVjbxLZGidtbFniKJqr5kb3_zwIJcKKT45USdmYh1cC"
    },
    {
        "package": "infra/tools/bb/mac-amd64",
        "version": "git_revision:f1540b46250e46d92484a7f5d2de854adb01f33f",
        "instance_id": "O2l3UID4ol8K7FBZw14ez2A1judhzDf1v9n9JVjZM4IC"
    },
    {
        "package": "infra/tools/luci/gsutil/linux-amd64",
        "version": "git_revision:f1540b46250e46d92484a7f5d2de854adb01f33f",
        "instance_id": "n_K5cdgk1RQV7DZ9ntXManvDIW-P5f8EMDsJdmECwrYC"
    },
    {
        "package": "infra/tools/luci/gsutil/linux-arm64",
        "version": "git_revision:f1540b46250e46d92484a7f5d2de854adb01f33f",
        "instance_id": "317gCPdD0aHgNSKOpS4F38M3BE55BCRdKQmCzQZDUpIC"
    },
    {
        "package": "infra/tools/luci/gsutil/mac-amd64",
        "version": "git_revision:f1540b46250e46d92484a7f5d2de854adb01f33f",
        "instance_id": "jd-b4oICzNsXhOUI2vLt9CJqsaaUW_Tx4h6YQg_2rsgC"
    },
    {
        "package": "infra/tools/luci/vpython/linux-amd64",
        "version": "git_revision:2155d0d436bf346333810cc352791063e1dda952",
        "instance_id": "0zxGrxt0NzxOkSfVhSLfe9S5RR_way2PaMNAqN2TCcMC"
    },
    {
        "package": "infra/tools/luci/vpython/linux-arm64",
        "version": "git_revision:2155d0d436bf346333810cc352791063e1dda952",
        "instance_id": "J2N1XYO8uydqHaNwrOZ1LoK048gT21OVVpNOcJk_BsIC"
    },
    {
        "package": "infra/tools/luci/vpython/mac-amd64",
        "version": "git_revision:2155d0d436bf346333810cc352791063e1dda952",
        "instance_id": "k5a7EDRHxQH-7Id630gnWMnY6459R82kAWigoJq-sCAC"
    },
    {
        "package": "infra/tools/yapf",
        "version": "git_revision:0d457e7ac4ca9dc21109e107e20a4ac8af6cf056",
        "instance_id": "dP5S63cBsJdIVF4KPXuvhSIqVkdRs4mTJPlBwz2SjAEC"
    },
    {
        "package": "skia/fuchsia/skqp/arch/arm64",
        "version": "git_revision:fd6bf2121df3dbe15c6d677ea996180a6f5fc16c",
        "instance_id": "kEQm9oT_cp6XtQEfSkIHE_Z45tWP6nd5QIvec3DqU2YC"
    },
    {
        "package": "skia/tools/goldctl/linux-amd64",
        "version": "git_revision:f1540b46250e46d92484a7f5d2de854adb01f33f",
        "instance_id": "5uRd0nSbglRL_SlkzkofedmMPgK-1F0ICeAPyhneOY4C"
    },
    {
        "package": "skia/tools/goldctl/linux-arm64",
        "version": "git_revision:f1540b46250e46d92484a7f5d2de854adb01f33f",
        "instance_id": "j8qPyHuZdAdzTJKPHKQncK_Z57rhB8OyzQ8bdp3jYAAC"
    },
    {
        "package": "skia/tools/goldctl/mac-amd64",
        "version": "git_revision:f1540b46250e46d92484a7f5d2de854adb01f33f",
        "instance_id": "jH1EXicKWfNsK_lsEmfi4_MozROrG68ybn4yGmcDj_oC"
    }
]