[
    {
        "package": "chromium/fuchsia/chrome/amd64/chrome",
        "version": "version:99.0.4762.0",
        "instance_id": "f6sdMscgV2FgjKt_-j1Z6Cqyu9w6pF_SPiSWysRIZC4C"
    },
    {
        "package": "chromium/fuchsia/host_tools/linux/amd64/chromedriver",
        "path": "prebuilt/third_party/chromedriver/{{.OS}}-{{.Arch}}",
        "version": "version:97.0.4692.43",
        "instance_id": "EeF7XetKiZXaHU6k-TaIGhZToz1DhD9MDzXynw8N_VYC"
    },
    {
        "package": "chromium/fuchsia/host_tools/linux/amd64/chromedriver",
        "path": "prebuilt/third_party/chromedriver_latest/{{.OS}}-{{.Arch}}",
        "version": "version:99.0.4762.0",
        "instance_id": "kcVIqM-BOfp5FZx7o-0OBjA8LrcCdewim8llpnFQ5gYC"
    },
    {
        "package": "chromium/fuchsia/web_engine/amd64/cast_runner",
        "path": "prebuilt/third_party/cast_runner/arch/x64",
        "version": "version:97.0.4692.43",
        "instance_id": "KlHX_diQcJG3ftPR4gn03_1PBBtC3DLCizgkLsUgLBQC"
    },
    {
        "package": "chromium/fuchsia/web_engine/amd64/cast_runner",
        "path": "prebuilt/third_party/cast_runner_latest/arch/x64",
        "version": "version:99.0.4762.0",
        "instance_id": "BKAW0ZOmcbjLBvwZIcuDj_Ha_uGGrIU8ETZDRm4M2b8C"
    },
    {
        "package": "chromium/fuchsia/web_engine/amd64/debug-symbols",
        "path": "prebuilt/.build-id",
        "version": "version:99.0.4762.0",
        "instance_id": "ImHr9aCvoJWnu17Ge9GU88REN5prAQzKBcIENqWie6IC"
    },
    {
        "package": "chromium/fuchsia/web_engine/amd64/debug-symbols",
        "path": "prebuilt/stable/.build-id",
        "version": "version:97.0.4692.43",
        "instance_id": "eiVsetLuDQ0K7bbj6UhAfK34o2vpf_ko7jYRUHdyNlcC"
    },
    {
        "package": "chromium/fuchsia/web_engine/amd64/tests",
        "path": "prebuilt/third_party/web_engine_tests/arch/x64",
        "version": "version:97.0.4692.43",
        "instance_id": "I3qRrhlCrCmm4Jpk2NXQg-m5Di7K46UbxA0FiThgR0sC"
    },
    {
        "package": "chromium/fuchsia/web_engine/amd64/tests",
        "path": "prebuilt/third_party/web_engine_tests_latest/arch/x64",
        "version": "version:99.0.4762.0",
        "instance_id": "g94lJ1x2pUTQ3nqyxYcEAvbEuIUIeec3vwUUeC8XQ9IC"
    },
    {
        "package": "chromium/fuchsia/web_engine/amd64/web_engine",
        "path": "prebuilt/third_party/web_engine/arch/x64",
        "version": "version:97.0.4692.43",
        "instance_id": "I4-ch42LnCgkd04N1Xh1Csbt0usBItNIPoxb6NFua80C"
    },
    {
        "package": "chromium/fuchsia/web_engine/amd64/web_engine",
        "path": "prebuilt/third_party/web_engine_latest/arch/x64",
        "version": "version:99.0.4762.0",
        "instance_id": "etkgXzgy4FSr0C8lht3nq9G457YwJISCwl1xKyC1cZEC"
    },
    {
        "package": "chromium/fuchsia/web_engine/amd64/web_engine_shell",
        "path": "prebuilt/third_party/web_engine_shell/arch/x64",
        "version": "version:97.0.4692.43",
        "instance_id": "XOar0JjkOm-t0IoleyW4_5cUhF47Gqz0KJyfm4gGDrUC"
    },
    {
        "package": "chromium/fuchsia/web_engine/amd64/web_engine_shell",
        "path": "prebuilt/third_party/web_engine_shell_latest/arch/x64",
        "version": "version:99.0.4762.0",
        "instance_id": "MURs1v-apggycl9JqEKizLP_S8iy2gatm_4LGGdLEFgC"
    },
    {
        "package": "chromium/fuchsia/web_engine/amd64/web_runner",
        "path": "prebuilt/third_party/web_runner/arch/x64",
        "version": "version:97.0.4692.43",
        "instance_id": "5alhGZXjlpZlBoAxejt4tFmhisbxe_jntcBli6Wkhi8C"
    },
    {
        "package": "chromium/fuchsia/web_engine/amd64/web_runner",
        "path": "prebuilt/third_party/web_runner_latest/arch/x64",
        "version": "version:99.0.4762.0",
        "instance_id": "t3HRObUtO_Wtevs_NsFb25m1UXOCQZSXYCHl-B8yrBYC"
    },
    {
        "package": "chromium/fuchsia/web_engine/arm64/cast_runner",
        "path": "prebuilt/third_party/cast_runner/arch/arm64",
        "version": "version:97.0.4692.43",
        "instance_id": "uLkBvsJjQ7SGwTBFoXGIScPHcV60yit66fiFLGG9w-gC"
    },
    {
        "package": "chromium/fuchsia/web_engine/arm64/cast_runner",
        "path": "prebuilt/third_party/cast_runner_latest/arch/arm64",
        "version": "version:99.0.4762.0",
        "instance_id": "m9klW3X1QTtulrZijXp046lDSpLAIQpIZuCdv76pte0C"
    },
    {
        "package": "chromium/fuchsia/web_engine/arm64/debug-symbols",
        "path": "prebuilt/.build-id",
        "version": "version:99.0.4762.0",
        "instance_id": "NWqsP16dLuOxcFQYoGq_8rxBK4j3uFIr0CXOHqzkPAgC"
    },
    {
        "package": "chromium/fuchsia/web_engine/arm64/debug-symbols",
        "path": "prebuilt/stable/.build-id",
        "version": "version:97.0.4692.43",
        "instance_id": "i1QzzmA8RMsjeW-uPvUVrvd2Q6emMlzKMa0mfH2-bJMC"
    },
    {
        "package": "chromium/fuchsia/web_engine/arm64/tests",
        "path": "prebuilt/third_party/web_engine_tests/arch/arm64",
        "version": "version:97.0.4692.43",
        "instance_id": "w6MdFyXHPDyiVmBkAWbNzFl4rxF-JrrylXC6GKvrrgIC"
    },
    {
        "package": "chromium/fuchsia/web_engine/arm64/tests",
        "path": "prebuilt/third_party/web_engine_tests_latest/arch/arm64",
        "version": "version:99.0.4762.0",
        "instance_id": "BkNs9FhldtMw096tImTnbISijUFaPMMKzxfjjbOywZ8C"
    },
    {
        "package": "chromium/fuchsia/web_engine/arm64/web_engine",
        "path": "prebuilt/third_party/web_engine/arch/arm64",
        "version": "version:97.0.4692.43",
        "instance_id": "OSHcZ40IdyTYKngYKD-pm2mKo1gRyENnNCXVrj_jWA8C"
    },
    {
        "package": "chromium/fuchsia/web_engine/arm64/web_engine",
        "path": "prebuilt/third_party/web_engine_latest/arch/arm64",
        "version": "version:99.0.4762.0",
        "instance_id": "wmakvXC-ajpmNe_7-29yAHLsv8q7tlFXb6_fc74dz4kC"
    },
    {
        "package": "chromium/fuchsia/web_engine/arm64/web_engine_shell",
        "path": "prebuilt/third_party/web_engine_shell/arch/arm64",
        "version": "version:97.0.4692.43",
        "instance_id": "Uxpr-JjNdm8TEiHR1i4E2P-RfzUbVow83hvj_B4qQLIC"
    },
    {
        "package": "chromium/fuchsia/web_engine/arm64/web_engine_shell",
        "path": "prebuilt/third_party/web_engine_shell_latest/arch/arm64",
        "version": "version:99.0.4762.0",
        "instance_id": "Ybmjg8c3hIWaFgwonTYZoITTLRe2lI8XTOC5aoQyps4C"
    },
    {
        "package": "chromium/fuchsia/web_engine/arm64/web_runner",
        "path": "prebuilt/third_party/web_runner/arch/arm64",
        "version": "version:97.0.4692.43",
        "instance_id": "bjtn1bQAMPEMBoQ5FP3_7Ma6WBj9mFx9d3Z2FIV0QeUC"
    },
    {
        "package": "chromium/fuchsia/web_engine/arm64/web_runner",
        "path": "prebuilt/third_party/web_runner_latest/arch/arm64",
        "version": "version:99.0.4762.0",
        "instance_id": "ZdcDX_Rpn6ehdoY9VQKF5yaVrMhWCXAm213TerZXWaUC"
    },
    {
        "package": "flutter/fuchsia",
        "version": "git_revision:66a281107bcfd0283f469694980924e8f32b7a32",
        "instance_id": "ls5N4xg0Aa1wvjlXElXMbLDoSeWmPhj4r8n1EV1p-FwC"
    },
    {
        "package": "flutter/fuchsia-debug-symbols-arm64",
        "version": "git_revision:66a281107bcfd0283f469694980924e8f32b7a32",
        "instance_id": "4cwJ_hxZubbQvYeAoL5Qj-J9urCGlq1eZHW6qMq54fwC"
    },
    {
        "package": "flutter/fuchsia-debug-symbols-x64",
        "version": "git_revision:66a281107bcfd0283f469694980924e8f32b7a32",
        "instance_id": "aJgUIxTb6fgTf5tvUizK3RE7WTX7l3X4ubhQKm5b41kC"
    },
    {
        "package": "flutter/sky_engine",
        "version": "git_revision:66a281107bcfd0283f469694980924e8f32b7a32",
        "instance_id": "5v62uqaSyzxYMxveJ03I7IDcpj_kZIbzoOjxO8VD8gQC"
    },
    {
        "package": "fuchsia/cts/linux-amd64",
        "path": "prebuilt/cts/canary/{{.OS}}-{{.Arch}}",
        "version": "git_revision:d429bdd5bc404d1625e07778f517c634af6a4c82",
        "instance_id": "wDxZ-kyrFem8bgofy4CmUns4zlLdTn8QXd5Vh305SlQC"
    },
    {
        "package": "fuchsia/cts/linux-amd64",
        "path": "prebuilt/cts/current_milestone/{{.OS}}-{{.Arch}}",
        "version": "git_revision:0995413b9f989e20d268647f6d234c385ec198e8",
        "instance_id": "qZbNVnr6irj-TetVXZuvlIg2Ms5Qyw3UdTpDU7L6BDMC"
    },
    {
        "package": "fuchsia/dart-sdk/linux-amd64",
        "version": "git_revision:68bd3305228da46d0049f6505f9cce5d453420d7",
        "instance_id": "WXv--2hzWMPM-6I3C5hTpuS7YvGYArcWmNfdsgjqG5AC"
    },
    {
        "package": "fuchsia/dart-sdk/mac-amd64",
        "version": "git_revision:68bd3305228da46d0049f6505f9cce5d453420d7",
        "instance_id": "rdmm_mPRpo_Oh1eE3npad60MsfWPyYDpd4d-6VTy9_4C"
    },
    {
        "package": "fuchsia/firmware/ovmf/amd64",
        "version": "git_revision:19ee56c4b33faa33078894a6c8495c81c660b8be",
        "instance_id": "e1upADqTOWj2VafRYc1dQgs4wqbg34f_kfcsALAF4IkC"
    },
    {
        "package": "fuchsia/firmware/wlan/intel/iwlwifi",
        "version": "version:8",
        "instance_id": "atJGnddwUA8ptFarlsHHM6_12WRE21DkN2BJMMEGkJoC"
    },
    {
        "package": "fuchsia/fsatrace/linux-amd64",
        "version": "git_revision:b663992f7beeb28fcd46f0acd36d2f2b83035c23",
        "instance_id": "e_ydkUsoxosrqJzaqCJq66e41k5gSqIyigm439aSIVsC"
    },
    {
        "package": "fuchsia/fsatrace/mac-amd64",
        "version": "git_revision:b663992f7beeb28fcd46f0acd36d2f2b83035c23",
        "instance_id": "Bm_p2BmPidkHjMYy8I2hMnSvDPZUzfDnS1o-b7OCQDgC"
    },
    {
        "package": "fuchsia/go/linux-amd64",
        "version": "git_revision:64dfa05ff9fd88b1fe3587d0d5c4131848947547",
        "instance_id": "rBYFyp0c2mmSGCvJCJKHpr_86Vwdi5o-w4ZbWBFzbSEC"
    },
    {
        "package": "fuchsia/go/linux-arm64",
        "version": "git_revision:64dfa05ff9fd88b1fe3587d0d5c4131848947547",
        "instance_id": "b0S5AWecXaiEYii_wI61GuCezjERCyhbl3snO1saGV0C"
    },
    {
        "package": "fuchsia/go/mac-amd64",
        "version": "git_revision:64dfa05ff9fd88b1fe3587d0d5c4131848947547",
        "instance_id": "ZbEe6s8e-k5i86_rvOz8mJLgTQ3qfnccVmcnYEhHBUIC"
    },
    {
        "package": "fuchsia/gui_tools/fuchsia_devtools/linux-amd64",
        "version": "g3-revision:fuchsia_devtools_20210615_01_RC00",
        "instance_id": "owJ6kLSSz1V2TGayqwEpEocT8SwsonwN8fibB93Cn0kC"
    },
    {
        "package": "fuchsia/gui_tools/fuchsia_devtools/mac-amd64",
        "version": "g3-revision:fuchsia_devtools_20210615_01_RC00",
        "instance_id": "lgpUbSkQ_A5nrh30kbvI6eASqPDssFsdd3WO638RAKIC"
    },
    {
        "package": "fuchsia/infra/acts",
        "version": "android-build-id:7840171",
        "instance_id": "r-4WA0JUNuBh3G41sCCw7vLeXqs3LlFOOxkTljIc5CwC"
    },
    {
        "package": "fuchsia/infra/artifacts/linux-amd64",
        "version": "git_revision:f5f76a42fe1e2686e00efd6d2bf0483222116f59",
        "instance_id": "VIZ37p6ez8dylfFc8k8k-TUbjJed9Rg-KDAFIORkkqUC"
    },
    {
        "package": "fuchsia/infra/artifacts/linux-arm64",
        "version": "git_revision:f5f76a42fe1e2686e00efd6d2bf0483222116f59",
        "instance_id": "UE4W86k-AoxOm-W2A8uowczPdGgYzHNZrhEnaD7xT1IC"
    },
    {
        "package": "fuchsia/infra/artifacts/mac-amd64",
        "version": "git_revision:f5f76a42fe1e2686e00efd6d2bf0483222116f59",
        "instance_id": "rITnisWB6kcvIZZCHFWlSd_mfSGcsw28y_leX_hAJXQC"
    },
    {
        "package": "fuchsia/infra/lkg/linux-amd64",
        "version": "git_revision:22886bd1b229d02e28330e43b495bbeb86592ac4",
        "instance_id": "weBw_5NCKqX91r9RoWxJznVpu1sV9qffuy0By4oobPMC"
    },
    {
        "package": "fuchsia/infra/lkg/linux-arm64",
        "version": "git_revision:22886bd1b229d02e28330e43b495bbeb86592ac4",
        "instance_id": "Pn1Fyfri3DZnbPsj_dU6NLKA7mcr1OEZXrBbR4vfTLQC"
    },
    {
        "package": "fuchsia/infra/lkg/mac-amd64",
        "version": "git_revision:22886bd1b229d02e28330e43b495bbeb86592ac4",
        "instance_id": "LrKzk1e4cqOX-wN6VMPJISOkQAqyosZ_Bvl2oa7E0oAC"
    },
    {
        "package": "fuchsia/infra/test_durations",
        "version": "version:20211213103053",
        "instance_id": "NK8SQlWVo-ZfzyimjD7rKLeQW8Jg3VwNWq85R44DNGkC"
    },
    {
        "package": "fuchsia/infra/zedmon/linux-amd64",
        "version": "git_revision:9765b27b5f39bb41a58edc893e7e8f2a0f1e20ef",
        "instance_id": "8bOD87VKTLXbshNJ8LvFb_MC1lsEbobbv1f1bHhRA3gC"
    },
    {
        "package": "fuchsia/lib/ffmpeg/fuchsia",
        "version": "git_revision:0bd8ac5588bfa8b8871e4776d9bc452dba93bf67",
        "instance_id": "rFNnxDNPCFjinWqhcwgCG5mYF7PRkup2wiGQcWQg90MC"
    },
    {
        "package": "fuchsia/sdk/core/linux-amd64",
        "version": "version:7.20211213.2.1",
        "instance_id": "eObH0Ge4Yp_uW5rGWKtFz5PR_DV8TVFD2Ovoju6ZlB0C"
    },
    {
        "package": "fuchsia/sdk/core/mac-amd64",
        "version": "version:7.20211213.2.1",
        "instance_id": "NMzIBAc3OLMvvOCZfRjVv1RZIk6o9-7XCFHB5_71qNgC"
    },
    {
        "package": "fuchsia/starnix/android-image-amd64",
        "version": "version:0.2",
        "instance_id": "r79IM_o16lZich8gS3tqoyXEu6A3txOkDVabj5Q3HG8C"
    },
    {
        "package": "fuchsia/starnix/chromiumos-image-amd64",
        "version": "version:0.1",
        "instance_id": "1yQMF8eiZbMMPOQbYyFBz9AUzrLBer86jupjeoQMqnwC"
    },
    {
        "package": "fuchsia/starnix/tests/syscalls/linux-amd64",
        "version": "g3-revision:fuchsia_starnix_tests_20211212_06_RC00",
        "instance_id": "j7_0_kA4epqoImV0ad4oYM4fT9nrdh6Rg4dLrCrzbbAC"
    },
    {
        "package": "fuchsia/test_data/debug/sample_core",
        "version": "version:20190627",
        "instance_id": "s8Wjz9UYMnN2NJN78-FNc6Bi7QpVOu6TGh6CE0qJwscC"
    },
    {
        "package": "fuchsia/test_data/symbolizer/symbols",
        "version": "version:20201110",
        "instance_id": "kbo0YXw8vcgPYmo77d_mklY0D5kUpwgysU-6pB0KdUAC"
    },
    {
        "package": "fuchsia/third_party/aemu/linux-amd64",
        "version": "git_revision:791218df81bf0a0dc5ce992cd6a8d8a8ff8d379a",
        "instance_id": "vRCm89BzABss-_H8vC-tLjcSf6uusZA9IBSSYtdw4_kC"
    },
    {
        "package": "fuchsia/third_party/aemu/mac-amd64",
        "version": "git_revision:791218df81bf0a0dc5ce992cd6a8d8a8ff8d379a",
        "instance_id": "8ZgN80xt48HWM75hpyYK6e78zpBgAWn0EgpnS7WdSmsC"
    },
    {
        "package": "fuchsia/third_party/android/aemu/release/linux-amd64",
        "version": "bid:7993508",
        "instance_id": "GY-XqnILaAcfDj10UU7tvWR4sopUgCaEk_EoUgLVk2oC"
    },
    {
        "package": "fuchsia/third_party/android/aemu/release/linux-arm64",
        "version": "bid:7993508",
        "instance_id": "meffTBnAPVzvowAi2NYhD6Z-MXjsNm_1MYv6Lwk0KHEC"
    },
    {
        "package": "fuchsia/third_party/android/aemu/release/mac-amd64",
        "version": "bid:7993508",
        "instance_id": "gU0orUjvgcLBeaPlYVdQ5M7DGo_naspTEtAudEsum7sC"
    },
    {
        "package": "fuchsia/third_party/android/aemu/release/mac-arm64",
        "version": "bid:7993508",
        "instance_id": "q8in4fB_aB0bIzfrGo-YtiPB_BS0QyfnikOBUXS8pQAC"
    },
    {
        "package": "fuchsia/third_party/bazel/linux-amd64",
        "version": "version:4.0.0",
        "instance_id": "vznLUez27UJpLsWBSXeUEC1EWB0E_1cZnkq9Epm7SfAC"
    },
    {
        "package": "fuchsia/third_party/bazel/mac-amd64",
        "version": "version:4.0.0",
        "instance_id": "fI7sTbPYEA1aebJr5CKSvH3siwyTgwKYAiXqakNDMvsC"
    },
    {
        "package": "fuchsia/third_party/binutils-gdb/linux-amd64",
        "version": "git_revision:eb97d02405c08bd0c006c8d65b3649fbfb1148e0",
        "instance_id": "1CDp1H2tcQmFCzlOxzQU0kVMIJILlsMRREUsvlpJaKEC"
    },
    {
        "package": "fuchsia/third_party/binutils-gdb/linux-arm64",
        "version": "git_revision:eb97d02405c08bd0c006c8d65b3649fbfb1148e0",
        "instance_id": "9NwDCyi_cRebX8vBRDTdl-QYOIpSFEdY8ZuJpyO5o24C"
    },
    {
        "package": "fuchsia/third_party/binutils-gdb/mac-amd64",
        "version": "git_revision:eb97d02405c08bd0c006c8d65b3649fbfb1148e0",
        "instance_id": "IgGvx-Wx2vHGWd9mEC1UB0vStwrdh3okDHZKtGUYFO0C"
    },
    {
        "package": "fuchsia/third_party/bloaty/linux-amd64",
        "version": "git_revision:c9b5da2f7d01989d658c7d6d11b59481b422053e",
        "instance_id": "zZEfQ0q9qf7sStd5c-aTAWWA28MZNrFlkb0ExBaZdQAC"
    },
    {
        "package": "fuchsia/third_party/bloaty/mac-amd64",
        "version": "git_revision:c9b5da2f7d01989d658c7d6d11b59481b422053e",
        "instance_id": "mNWQk_s0-PRncg_K1Xv0_sWi_pYdMAwP0PgIhB1RKYEC"
    },
    {
        "package": "fuchsia/third_party/clang/linux-amd64",
        "version": "git_revision:e3a7f0e2f9ab566bd9b71fb54fe77e947b061a12",
        "instance_id": "6UfJQ9aFHNFi_qbGtzngNPLdHNlmtA5eQNI8BwZp8X8C"
    },
    {
        "package": "fuchsia/third_party/clang/linux-arm64",
        "version": "git_revision:e3a7f0e2f9ab566bd9b71fb54fe77e947b061a12",
        "instance_id": "ek0-k5kMtxkOuQ6ycAhUbPu6HE9uhrP3uZEenhLNLksC"
    },
    {
        "package": "fuchsia/third_party/clang/mac-amd64",
        "version": "git_revision:e3a7f0e2f9ab566bd9b71fb54fe77e947b061a12",
        "instance_id": "Q_l2rEdQx8J1YCWJtAwK8x0yaS_DC5fJr_c-IsomfDYC"
    },
    {
        "package": "fuchsia/third_party/clang/windows-amd64",
        "version": "git_revision:e3a7f0e2f9ab566bd9b71fb54fe77e947b061a12",
        "instance_id": "6u9Xk_Dr7e_2dXmuP5zwTi2yfZ7ChIcJ3aVTfR-154wC"
    },
    {
        "package": "fuchsia/third_party/cmake/linux-amd64",
        "version": "git_revision:eeb45401163d831b8c841ef6eba81466b4067b68",
        "instance_id": "PWAC7PeGXQxncdq_aclyVeNaWp8Lwyb-iu9V5gbQhFUC"
    },
    {
        "package": "fuchsia/third_party/cmake/linux-arm64",
        "version": "git_revision:eeb45401163d831b8c841ef6eba81466b4067b68",
        "instance_id": "TBdfiUWDZ1QOzLmapKA4mngRtYGF7EGgRyj7ljEa51EC"
    },
    {
        "package": "fuchsia/third_party/cmake/mac-amd64",
        "version": "git_revision:eeb45401163d831b8c841ef6eba81466b4067b68",
        "instance_id": "jwa22qMdDp8AQ9vN25JVzhRWERPDM_Yz9hPs1VEcuIoC"
    },
    {
        "package": "fuchsia/third_party/cmake/windows-amd64",
        "version": "git_revision:eeb45401163d831b8c841ef6eba81466b4067b68",
        "instance_id": "wYO6QqVR6NuqmEf3gUuVciIxBUH3N5XQJ_1pwiR-sO4C"
    },
    {
        "package": "fuchsia/third_party/fargo/linux-amd64",
        "version": "git_revision:44d385e90564b7d626e57624d78261723438f512",
        "instance_id": "bif6SQpLpc6CJ270P_KCChfKhfs3L3JlspbEHCupViIC"
    },
    {
        "package": "fuchsia/third_party/fargo/mac-amd64",
        "version": "git_revision:44d385e90564b7d626e57624d78261723438f512",
        "instance_id": "sSVYGfybtN6xIrHBlew8My3RmMjsc_h-Fbkf5B3BdPAC"
    },
    {
        "package": "fuchsia/third_party/fastboot/linux-amd64",
        "version": "git_revision:fc1e6adc6f9d552cb2305a22d9d4de39af0038d7",
        "instance_id": "CLqnXjy8mWa8IgaDlBbd6fEzRJyBHCd9varvooaRRaEC"
    },
    {
        "package": "fuchsia/third_party/fastboot/mac-amd64",
        "version": "git_revision:fc1e6adc6f9d552cb2305a22d9d4de39af0038d7",
        "instance_id": "Ovv2tPxXfOyiWiF36566KYPSsHStjQUeHn0BLRj-HDwC"
    },
    {
        "package": "fuchsia/third_party/fonts",
        "version": "git_revision:97ca151bf99581a739379a05f1f777e68bb0d21c",
        "instance_id": "9o5HxBs1HzgsXadnEJ1ojHhFju64TVxaDU3kueUcbcIC"
    },
    {
        "package": "fuchsia/third_party/gcc/linux-amd64",
        "version": "git_revision:b1bc9dba5c720b67d19df4d94634bb89ad5ade23,eb97d02405c08bd0c006c8d65b3649fbfb1148e0",
        "instance_id": "yQ0NUeH905oXPMjddw_mct2Tk_Kr2Rur_QwFsPobAVoC"
    },
    {
        "package": "fuchsia/third_party/gcc/linux-arm64",
        "version": "git_revision:b1bc9dba5c720b67d19df4d94634bb89ad5ade23,eb97d02405c08bd0c006c8d65b3649fbfb1148e0",
        "instance_id": "s7y-iQ2SbsEIN3xh7caqIAbS8OmOKSEP6zgqZOCW8jQC"
    },
    {
        "package": "fuchsia/third_party/gcc/mac-amd64",
        "version": "git_revision:b1bc9dba5c720b67d19df4d94634bb89ad5ade23,eb97d02405c08bd0c006c8d65b3649fbfb1148e0",
        "instance_id": "SkHa77dknMyKKQ2bbSXC2PgWNX6HJUB6HIMRa5YFtz0C"
    },
    {
        "package": "fuchsia/third_party/goma/client/linux-amd64",
        "version": "git_revision:a27544ebcadadef16b725403c30aa588c85e7b8c",
        "instance_id": "HUDhcS8vfN0uaXmsARwfePCnYWqjxOK-mJEixazAUCkC"
    },
    {
        "package": "fuchsia/third_party/goma/client/mac-amd64",
        "version": "git_revision:a27544ebcadadef16b725403c30aa588c85e7b8c",
        "instance_id": "BIJgLnrCQbF8Nu8zy6bl9wwvGdSvH5cA2htcGE5AqlcC"
    },
    {
        "package": "fuchsia/third_party/grpcwebproxy/linux-amd64",
        "version": "git_revision:c71ae8fa744867b49f83d4c128a8facb96c9c848",
        "instance_id": "7etAvsKmomEDQWC68Mfpgq8Uq6_46fFuAl0LWy_FcnwC"
    },
    {
        "package": "fuchsia/third_party/grpcwebproxy/mac-amd64",
        "version": "git_revision:c71ae8fa744867b49f83d4c128a8facb96c9c848",
        "instance_id": "-drWSLsecZaUebOxjRCYCWcU_ateJ8Je3zDa6H6WuekC"
    },
    {
        "package": "fuchsia/third_party/jq/linux-amd64",
        "version": "git_revision:a17dd3248a666d01be75f6b16be37e80e20b0954",
        "instance_id": "tN0CPJbV2YwiOaYednM1g02wDkO-rJAKRCuRfwg6UKkC"
    },
    {
        "package": "fuchsia/third_party/jq/linux-arm64",
        "version": "git_revision:a17dd3248a666d01be75f6b16be37e80e20b0954",
        "instance_id": "B99d5H538hQqnU04lmWivDAc05SEgDkZIBH8oaeqyWcC"
    },
    {
        "package": "fuchsia/third_party/jq/mac-amd64",
        "version": "git_revision:a17dd3248a666d01be75f6b16be37e80e20b0954",
        "instance_id": "o9A6AYztINFwkUQ2gfaWFmnM9VseP0yS3kYObZkSMvkC"
    },
    {
        "package": "fuchsia/third_party/llvm/linux-amd64",
        "version": "git_revision:888c5067b4dce403774536a08f79d59865db3d12",
        "instance_id": "f531SvuJUjzy9dI7zNjbwlWmVus4fNa-HA7u7yr33zIC"
    },
    {
        "package": "fuchsia/third_party/llvm/linux-arm64",
        "version": "git_revision:888c5067b4dce403774536a08f79d59865db3d12",
        "instance_id": "WWEnoLXWYSYUEaUWkU75ZClguF0dX2VGPzrq6IGJKmkC"
    },
    {
        "package": "fuchsia/third_party/llvm/mac-amd64",
        "version": "git_revision:888c5067b4dce403774536a08f79d59865db3d12",
        "instance_id": "1Uub4mhrP2lN_GO6jlHHrs8aUSc_0PvhC1sooMNCb6EC"
    },
    {
        "package": "fuchsia/third_party/ninja/linux-amd64",
        "version": "git_revision:0cd88287a4cd77d11c92c7a9b44bb15fb787a1ee",
        "instance_id": "MC8PWr2SKzMu8Kv49j_Hp3A9oN40GG5rekeHxubzLnEC"
    },
    {
        "package": "fuchsia/third_party/ninja/linux-arm64",
        "version": "git_revision:0cd88287a4cd77d11c92c7a9b44bb15fb787a1ee",
        "instance_id": "WE0oiwB0JQjySmLkc-s2f-H62dInH8Mx6goSYMQaVfoC"
    },
    {
        "package": "fuchsia/third_party/ninja/mac-amd64",
        "version": "git_revision:0cd88287a4cd77d11c92c7a9b44bb15fb787a1ee",
        "instance_id": "VilmdCJ7-OzufsEFdeE4knRaPX-349UXszEpmFQBZ2oC"
    },
    {
        "package": "fuchsia/third_party/ninja/windows-amd64",
        "version": "git_revision:0cd88287a4cd77d11c92c7a9b44bb15fb787a1ee",
        "instance_id": "v00CxmYZV6Wez5XewXaEaXs9hmq8ahZrAqMqlDjuwOsC"
    },
    {
        "package": "fuchsia/third_party/qemu/linux-amd64",
        "version": "git_revision:841f14e74f5af7886cf49cfcd4fed264911ae58e",
        "instance_id": "PVdYccojX5pPN8OJ9WNvzk2enrz2COptaFGTzJzlCnUC"
    },
    {
        "package": "fuchsia/third_party/qemu/linux-arm64",
        "version": "git_revision:841f14e74f5af7886cf49cfcd4fed264911ae58e",
        "instance_id": "etnBui3xZslzorY_KH7Tvz6-Y-3p3hRt1KP0SAw4WCwC"
    },
    {
        "package": "fuchsia/third_party/qemu/mac-amd64",
        "version": "git_revision:841f14e74f5af7886cf49cfcd4fed264911ae58e",
        "instance_id": "DtfJ4_-A5zQLhJoKDFWGxfwICXn4yr9tu4_Z6oIz0xIC"
    },
    {
        "package": "fuchsia/third_party/rust/linux-amd64",
        "version": "git_revision:48a5999fceeea84a8971634355287faa349909d4",
        "instance_id": "1HGj7gKkdUdRQihGgmc58I7aXniKMxxrjQEynT3KABMC"
    },
    {
        "package": "fuchsia/third_party/rust/linux-arm64",
        "version": "git_revision:48a5999fceeea84a8971634355287faa349909d4",
        "instance_id": "kN8ABveLVBc9-kCAMar8f_Y4xkBH92BN1iF7OLy1IrwC"
    },
    {
        "package": "fuchsia/third_party/rust/mac-amd64",
        "version": "git_revision:48a5999fceeea84a8971634355287faa349909d4",
        "instance_id": "Nnvn7SbM6A2HQvWAxdigM3OMw448tJlNIbWut4nqCbUC"
    },
    {
        "package": "fuchsia/third_party/rust_bindgen/linux-amd64",
        "version": "git_revision:9b2f8f73ea26c935cf509fe3f22afa41e1009c13",
        "instance_id": "VvDmOnb9xTIhMDHBvaNhDCAfzJ3Dum8IPOTugu7-7F0C"
    },
    {
        "package": "fuchsia/third_party/rust_bindgen/mac-amd64",
        "version": "git_revision:9b2f8f73ea26c935cf509fe3f22afa41e1009c13",
        "instance_id": "Ye4RILWsSAxRheg9vRMQ3KnND0XUwPffdR2LPghuZJoC"
    },
    {
        "package": "fuchsia/third_party/rust_cargo_outdated/linux-amd64",
        "version": "git_revision:a903e255d30f2ede00feeaa47a47d6717e0f70f0",
        "instance_id": "sSr12yktIXApO6Hb0VNYF9eEJZEtxb4pLelzkT-fD1YC"
    },
    {
        "package": "fuchsia/third_party/rust_cargo_outdated/mac-amd64",
        "version": "git_revision:a903e255d30f2ede00feeaa47a47d6717e0f70f0",
        "instance_id": "Ty6hwdUmWbPpsv2P9J3XbuJX9TzXXa7G4eXcCVdqKUEC"
    },
    {
        "package": "fuchsia/third_party/sysroot/linux",
        "version": "git_revision:c5efd58bb42b7c7ac763306ff7653d4e3edd922f",
        "instance_id": "QXe4A5NOXB28Ashy5UmciTFJud8U0MTMHq9CqlhN44YC"
    },
    {
        "package": "fuchsia/third_party/vulkan_runtime/linux-amd64",
        "version": "build_config:a80bfd7dc5089f032acc114d598e048527c568dcaf303acbeda70b36c276a57b",
        "instance_id": "KF2lMQShSDMDqkx3Jn9I5AFUhFP9qgCF1T5rCf4YjzwC"
    },
    {
        "package": "fuchsia/third_party/vulkan_runtime/mac-amd64",
        "version": "build_config:a80bfd7dc5089f032acc114d598e048527c568dcaf303acbeda70b36c276a57b",
        "instance_id": "RywXMEc2xqjYolwAecVjDHSHOw4UyBp2-UwWfu4yZNYC"
    },
    {
        "package": "fuchsia/third_party/vulkansdk/linux-amd64",
        "version": "version:1.2.176.1",
        "instance_id": "_tf7ZohWCRQRCUSWi7qbQ820ZNNLeQUgHyFTaCT1fJsC"
    },
    {
        "package": "fuchsia/third_party/vulkansdk/mac-amd64",
        "version": "version:1.2.176.1",
        "instance_id": "HC8M8dky_FvWqtVEI-0AwSjPo8G1-kPcQU39FmKhlAoC"
    },
    {
        "package": "fuchsia/tools/breakpad/linux-amd64",
        "version": "git_revision:647aa17a7aa8ec0b99ffd005908b8a4ab1995a30",
        "instance_id": "S6mD6IEMoggTsKpwnauknOQ0AvSuElrZeQi1cEOS24YC"
    },
    {
        "package": "fuchsia/tools/buildidtool/linux-amd64",
        "version": "git_revision:4f7f770d6f5a09cd4611ca7679ec33fe4a25c72c",
        "instance_id": "kRjnkaRuODN4kxkr1rwnj5zP0fbcdRGhV1kPMMUD3a8C"
    },
    {
        "package": "fuchsia/tools/buildidtool/linux-arm64",
        "version": "git_revision:4f7f770d6f5a09cd4611ca7679ec33fe4a25c72c",
        "instance_id": "672ojcL1ybq4qdhTQgIKxXVSxTp-0vG1W7ezb4th3YYC"
    },
    {
        "package": "fuchsia/tools/buildidtool/mac-amd64",
        "version": "git_revision:4f7f770d6f5a09cd4611ca7679ec33fe4a25c72c",
        "instance_id": "ieRJ5sXkzQvHjgjY3u1weHwntLrv5ZE9oUZjfr0wS9YC"
    },
    {
        "package": "fuchsia/tools/cgpt/linux-amd64",
        "version": "git_revision:1d2e3387ad0b8137b053afc7c9475a10277ed095",
        "instance_id": "L7fhFeYI-mnW1WkAHOS8Cw1BSCTdZu-IaeNqmjn7jYcC"
    },
    {
        "package": "fuchsia/tools/cgpt/mac-amd64",
        "version": "git_revision:1d2e3387ad0b8137b053afc7c9475a10277ed095",
        "instance_id": "4dEe6HkzofHweRAVem5pa-cfehYCsykKr-OHE1FztPUC"
    },
    {
        "package": "fuchsia/tools/futility/linux-amd64",
        "version": "git_revision:1d2e3387ad0b8137b053afc7c9475a10277ed095",
        "instance_id": "wSYvGijeIZXEikczfX2cIXDcFO4rfM9-hqM0XRaXOdkC"
    },
    {
        "package": "fuchsia/tools/futility/mac-amd64",
        "version": "git_revision:1d2e3387ad0b8137b053afc7c9475a10277ed095",
        "instance_id": "c6QF-8z4cunQG4ceaNOlAbbyrhgRwNo-JfuQv7ag0zkC"
    },
    {
        "package": "fuchsia/vdl/linux-amd64",
        "version": "g3-revision:vdl_fuchsia_20211209_RC00",
        "instance_id": "A_7xxo45tH6htQ6t3uaDVuRjtaAJulzyVJJspNG_zH4C"
    },
    {
        "package": "fuchsia/vdl/mac-amd64",
        "version": "g3-revision:vdl_fuchsia_20211209_RC00",
        "instance_id": "WynhvEHSiH4yrJnmMk_RbBMGrAmapa5qnFsh54S6sQEC"
    },
    {
        "package": "fuchsia_internal/firmware/bluetooth/bcm4345c5",
        "version": "version:007",
        "instance_id": "_E4sH3u8nMG_Qw1ZkRO-_R0C2tBDzgM7W3-4wycXJkkC"
    },
    {
        "package": "fuchsia_internal/firmware/bluetooth/intel",
        "version": "git_revision:44d4fca9922a252a0bd81f6307bcc072a78da54a",
        "instance_id": "Z3gsxyfEPOVvNbeIJkXoUHJfr5QK2sL-JfPLRicPEbkC"
    },
    {
        "package": "fuchsia_internal/firmware/bluetooth/mt7668",
        "version": "git_revision:ed8b2eb6b877e93afb8a9f9281b93a7b91df0f09",
        "instance_id": "O-_ROaTk675thCdQAi6es_gv_znD5zYRBul6tqdKc9cC"
    },
    {
        "package": "fuchsia_internal/firmware/bluetooth/qualcomm_atheros",
        "version": "git_revision:7b5835fd37630d18ac0c755329172f6a17c1af29",
        "instance_id": "b305ffcc0e7a340159203536e26ba58e6e987c94"
    },
    {
        "package": "fuchsia_internal/firmware/intel-adsp-sst",
        "version": "git_revision:4c0bf113a55975d702673e57c5542f150807ad66",
        "instance_id": "NC0gy5Ej51GElpWUQXzO6Q1d5hPLV4Z4c1mbhDLuhfcC"
    },
    {
        "package": "fuchsia_internal/firmware/wlan/atheros/ath10k",
        "version": "git_revision:7518922bd5b98b137af7aaf3c836f5a498e91609",
        "instance_id": "78b0a82a98e42e69d2a2d8314790634890c711da"
    },
    {
        "package": "fuchsia_internal/firmware/wlan/broadcom/brcmfmac",
        "version": "version:32",
        "instance_id": "tBfd0VMUhyfkqgzaLJnnK_PQ20OyuDrp9Dk37qV-eXIC"
    },
    {
        "package": "fuchsia_internal/firmware/wlan/mediatek/mt7668",
        "version": "git_revision:e5f55786be98900bc8efc1e138864e60230b8c60",
        "instance_id": "ZUj4rXBBPLqusZj6dmFCAwBmoAi_9jpY15aQ7zRHlBoC"
    },
    {
        "package": "fuchsia_internal/test_data/debug/large_test_data",
        "version": "git_revision:e51da43d6a6e10bea4669473a477f13bac9b8652",
        "instance_id": "Gjd86_YdwJc8GHpKJVukLdyrNoyYsIBtyIAmcuDQSJQC"
    },
    {
        "package": "gn/gn/linux-amd64",
        "version": "git_revision:2e56c317bd8e2bf152cfa2ead6ac5fa476fe28b4",
        "instance_id": "4N3w2meGG0rT4J8IhyCKmsB3MugG6AB7WoowqE2TYxAC"
    },
    {
        "package": "gn/gn/linux-arm64",
        "version": "git_revision:2e56c317bd8e2bf152cfa2ead6ac5fa476fe28b4",
        "instance_id": "QTlA1o-p-8nyPBZ_YkIIFhMF82xPxm4uOsU5_FQ2o8EC"
    },
    {
        "package": "gn/gn/mac-amd64",
        "version": "git_revision:2e56c317bd8e2bf152cfa2ead6ac5fa476fe28b4",
        "instance_id": "KvAWKwusvIg56fk4SxyXHClQVH5bkJCE4gmPp7nbaqwC"
    },
    {
        "package": "infra/3pp/tools/cpython3/linux-amd64",
        "version": "version:3.8.6.chromium.10",
        "instance_id": "PguZYjyarjd6-iv_9x97q0-L7_N2XqQfD1-LEPPiFZAC"
    },
    {
        "package": "infra/3pp/tools/cpython3/linux-arm64",
        "version": "version:3.8.6.chromium.10",
        "instance_id": "KFYprQ5n7SZD8yVjC-cPuwR7aG1C_bOWpc7tQ84myDgC"
    },
    {
        "package": "infra/3pp/tools/cpython3/mac-amd64",
        "version": "version:3.8.6.chromium.10",
        "instance_id": "IIWjTH8ENXh7QLDnTkTwxn6LNXjXS3u3g6dMXTYDfksC"
    },
    {
        "package": "infra/rbe/client/linux-amd64",
        "version": "re_client_version:0.49.0.8e7e159-gomaip",
        "instance_id": "Ph4uVCb-hRYTUEv_Wg6_rXapIQNxJYCSL5iqFa3oIMQC"
    },
    {
        "package": "infra/tools/bb/linux-amd64",
        "version": "git_revision:ff3c8a95583e938e8846f3b5592326e2c99732dd",
        "instance_id": "fuQsGi4GsM1rXkKyLgzdNV8Lm3t2iCBi15p2uhm1z48C"
    },
    {
        "package": "infra/tools/bb/linux-arm64",
        "version": "git_revision:ff3c8a95583e938e8846f3b5592326e2c99732dd",
        "instance_id": "srQWZYzgYEwQLwZrkYouA6FFPDumxqcyddQykcUTWmUC"
    },
    {
        "package": "infra/tools/bb/mac-amd64",
        "version": "git_revision:ff3c8a95583e938e8846f3b5592326e2c99732dd",
        "instance_id": "i_VZ7Nv9Kf1PpSAFz3Q1izlh5dLa4HP-dGMXMSdT7c8C"
    },
    {
        "package": "infra/tools/luci/gsutil/linux-amd64",
        "version": "git_revision:ff3c8a95583e938e8846f3b5592326e2c99732dd",
        "instance_id": "FR5lQGZbeoatrvcx5vjFR7a_vyDE6WHwx0-HuxAqVU8C"
    },
    {
        "package": "infra/tools/luci/gsutil/linux-arm64",
        "version": "git_revision:ff3c8a95583e938e8846f3b5592326e2c99732dd",
        "instance_id": "FGT7X3KButCcVQU5xvkjh4-I9qp-W5Sz-6Bu6NSjBekC"
    },
    {
        "package": "infra/tools/luci/gsutil/mac-amd64",
        "version": "git_revision:ff3c8a95583e938e8846f3b5592326e2c99732dd",
        "instance_id": "ODYEki6qVDbabOS3cQtzO97o0C0aKA7BL1TH9lGDoFUC"
    },
    {
        "package": "infra/tools/luci/vpython/linux-amd64",
        "version": "git_revision:ff3c8a95583e938e8846f3b5592326e2c99732dd",
        "instance_id": "qPckVMZRQlT9CyZ78NfbbkFDcPvZgFwX8i-GdGkuUH0C"
    },
    {
        "package": "infra/tools/luci/vpython/linux-arm64",
        "version": "git_revision:ff3c8a95583e938e8846f3b5592326e2c99732dd",
        "instance_id": "JvBXsBehOvxiErqcem3DDi0sYm8ArUYbM8QVjexDqBEC"
    },
    {
        "package": "infra/tools/luci/vpython/mac-amd64",
        "version": "git_revision:ff3c8a95583e938e8846f3b5592326e2c99732dd",
        "instance_id": "WYOr3Dtyh2PBxiBvKJ4UFp3UyCB0etDmeFpNRgW8Kp8C"
    },
    {
        "package": "infra/tools/yapf",
        "version": "git_revision:0d457e7ac4ca9dc21109e107e20a4ac8af6cf056",
        "instance_id": "dP5S63cBsJdIVF4KPXuvhSIqVkdRs4mTJPlBwz2SjAEC"
    },
    {
        "package": "skia/fuchsia/skqp/arch/arm64",
        "version": "git_revision:fd6bf2121df3dbe15c6d677ea996180a6f5fc16c",
        "instance_id": "kEQm9oT_cp6XtQEfSkIHE_Z45tWP6nd5QIvec3DqU2YC"
    },
    {
        "package": "skia/tools/goldctl/linux-amd64",
        "version": "git_revision:ff3c8a95583e938e8846f3b5592326e2c99732dd",
        "instance_id": "2z57AgaznK-BN6rC-A4ZVj85ldJOjFFCMFQ_LYWeUv4C"
    },
    {
        "package": "skia/tools/goldctl/linux-arm64",
        "version": "git_revision:ff3c8a95583e938e8846f3b5592326e2c99732dd",
        "instance_id": "oAx5Hc-z7cNaPt-MhSrpq_FNLYqnlEaWyWMo2fnE6H8C"
    },
    {
        "package": "skia/tools/goldctl/mac-amd64",
        "version": "git_revision:ff3c8a95583e938e8846f3b5592326e2c99732dd",
        "instance_id": "zLP4FDegN-yg3uvzWUdf4zNRVHDwHd0VLm86FkZCP_MC"
    }
]